
Microsoft Visual Studio Solution File, Format Version 12.00
# Visual Studio Version 16
VisualStudioVersion = 16.0.29509.3
MinimumVisualStudioVersion = 10.0.40219.1
Project("{9A19103F-16F7-4668-BE54-9A1E7A4F7556}") = "InventoryApp", "InventoryApp.csproj", "{17CA7122-3860-4387-8B48-7FCEBD1D9173}"
EndProject
Project("{FAE04EC0-301F-11D3-BF4B-00C04F79EFBC}") = "curs", "..\..\day3\curs\curs.csproj", "{51B86B7D-C32F-4862-B3A3-94D6ABC09606}"
EndProject
Global
	GlobalSection(SolutionConfigurationPlatforms) = preSolution
		Debug|Any CPU = Debug|Any CPU
		Release|Any CPU = Release|Any CPU
	EndGlobalSection
	GlobalSection(ProjectConfigurationPlatforms) = postSolution
		{17CA7122-3860-4387-8B48-7FCEBD1D9173}.Debug|Any CPU.ActiveCfg = Debug|Any CPU
		{17CA7122-3860-4387-8B48-7FCEBD1D9173}.Debug|Any CPU.Build.0 = Debug|Any CPU
		{17CA7122-3860-4387-8B48-7FCEBD1D9173}.Release|Any CPU.ActiveCfg = Release|Any CPU
		{17CA7122-3860-4387-8B48-7FCEBD1D9173}.Release|Any CPU.Build.0 = Release|Any CPU
		{51B86B7D-C32F-4862-B3A3-94D6ABC09606}.Debug|Any CPU.ActiveCfg = Debug|Any CPU
		{51B86B7D-C32F-4862-B3A3-94D6ABC09606}.Debug|Any CPU.Build.0 = Debug|Any CPU
		{51B86B7D-C32F-4862-B3A3-94D6ABC09606}.Release|Any CPU.ActiveCfg = Release|Any CPU
		{51B86B7D-C32F-4862-B3A3-94D6ABC09606}.Release|Any CPU.Build.0 = Release|Any CPU
	EndGlobalSection
	GlobalSection(SolutionProperties) = preSolution
		HideSolutionNode = FALSE
	EndGlobalSection
	GlobalSection(ExtensibilityGlobals) = postSolution
		SolutionGuid = {4A36DDD4-8374-45AA-926A-B655CE910D9F}
	EndGlobalSection
EndGlobal
