
Microsoft Visual Studio Solution File, Format Version 12.00
# Visual Studio Version 16
VisualStudioVersion = 16.0.29509.3
MinimumVisualStudioVersion = 10.0.40219.1
Project("{FAE04EC0-301F-11D3-BF4B-00C04F79EFBC}") = "app1", "app1.csproj", "{7DBBE275-62EA-4EBD-B0AF-849F1066EFA9}"
EndProject
Global
	GlobalSection(SolutionConfigurationPlatforms) = preSolution
		Debug|Any CPU = Debug|Any CPU
		Release|Any CPU = Release|Any CPU
	EndGlobalSection
	GlobalSection(ProjectConfigurationPlatforms) = postSolution
		{7DBBE275-62EA-4EBD-B0AF-849F1066EFA9}.Debug|Any CPU.ActiveCfg = Debug|Any CPU
		{7DBBE275-62EA-4EBD-B0AF-849F1066EFA9}.Debug|Any CPU.Build.0 = Debug|Any CPU
		{7DBBE275-62EA-4EBD-B0AF-849F1066EFA9}.Release|Any CPU.ActiveCfg = Release|Any CPU
		{7DBBE275-62EA-4EBD-B0AF-849F1066EFA9}.Release|Any CPU.Build.0 = Release|Any CPU
	EndGlobalSection
	GlobalSection(SolutionProperties) = preSolution
		HideSolutionNode = FALSE
	EndGlobalSection
	GlobalSection(ExtensibilityGlobals) = postSolution
		SolutionGuid = {9E6B772A-FC76-432C-AB4E-689C4FD81F89}
	EndGlobalSection
EndGlobal
